// !$*UTF8*$!
{
	archiveVersion = 1;
	classes = {
	};
	objectVersion = 56;
	objects = {

/* Begin PBXBuildFile section */
		9F1D15AF2BB894340062A4CD /* SDRApiApp.swift in Sources */ = {isa = PBXBuildFile; fileRef = 9F1D15AB2BB894340062A4CD /* SDRApiApp.swift */; };
		9F1D15B02BB894340062A4CD /* SDRApiCore.swift in Sources */ = {isa = PBXBuildFile; fileRef = 9F1D15AD2BB894340062A4CD /* SDRApiCore.swift */; };
		9F1D15B12BB894340062A4CD /* SDRApiView.swift in Sources */ = {isa = PBXBuildFile; fileRef = 9F1D15AE2BB894340062A4CD /* SDRApiView.swift */; };
		9F1D15CF2BB8944F0062A4CD /* MessagesModel.swift in Sources */ = {isa = PBXBuildFile; fileRef = 9F1D15B22BB8944F0062A4CD /* MessagesModel.swift */; };
		9F1D15D22BB8944F0062A4CD /* AmplifierSubView.swift in Sources */ = {isa = PBXBuildFile; fileRef = 9F1D15B62BB8944F0062A4CD /* AmplifierSubView.swift */; };
		9F1D15D32BB8944F0062A4CD /* AtuSubView.swift in Sources */ = {isa = PBXBuildFile; fileRef = 9F1D15B72BB8944F0062A4CD /* AtuSubView.swift */; };
		9F1D15D42BB8944F0062A4CD /* BandSettingSubView.swift in Sources */ = {isa = PBXBuildFile; fileRef = 9F1D15B82BB8944F0062A4CD /* BandSettingSubView.swift */; };
		9F1D15D52BB8944F0062A4CD /* CwxSubView.swift in Sources */ = {isa = PBXBuildFile; fileRef = 9F1D15B92BB8944F0062A4CD /* CwxSubView.swift */; };
		9F1D15D62BB8944F0062A4CD /* EqualizerSubView.swift in Sources */ = {isa = PBXBuildFile; fileRef = 9F1D15BA2BB8944F0062A4CD /* EqualizerSubView.swift */; };
		9F1D15D72BB8944F0062A4CD /* GpsSubView.swift in Sources */ = {isa = PBXBuildFile; fileRef = 9F1D15BB2BB8944F0062A4CD /* GpsSubView.swift */; };
		9F1D15D82BB8944F0062A4CD /* GuiClientSubView.swift in Sources */ = {isa = PBXBuildFile; fileRef = 9F1D15BC2BB8944F0062A4CD /* GuiClientSubView.swift */; };
		9F1D15D92BB8944F0062A4CD /* InterlockSubView.swift in Sources */ = {isa = PBXBuildFile; fileRef = 9F1D15BD2BB8944F0062A4CD /* InterlockSubView.swift */; };
		9F1D15DA2BB8944F0062A4CD /* MemorySubView.swift in Sources */ = {isa = PBXBuildFile; fileRef = 9F1D15BE2BB8944F0062A4CD /* MemorySubView.swift */; };
		9F1D15DB2BB8944F0062A4CD /* MeterStreamSubView.swift in Sources */ = {isa = PBXBuildFile; fileRef = 9F1D15BF2BB8944F0062A4CD /* MeterStreamSubView.swift */; };
		9F1D15DC2BB8944F0062A4CD /* MeterSubView.swift in Sources */ = {isa = PBXBuildFile; fileRef = 9F1D15C02BB8944F0062A4CD /* MeterSubView.swift */; };
		9F1D15DD2BB8944F0062A4CD /* MiscSubView.swift in Sources */ = {isa = PBXBuildFile; fileRef = 9F1D15C12BB8944F0062A4CD /* MiscSubView.swift */; };
		9F1D15DE2BB8944F0062A4CD /* NetworkSubView.swift in Sources */ = {isa = PBXBuildFile; fileRef = 9F1D15C22BB8944F0062A4CD /* NetworkSubView.swift */; };
		9F1D15DF2BB8944F0062A4CD /* PanadapterSubView.swift in Sources */ = {isa = PBXBuildFile; fileRef = 9F1D15C32BB8944F0062A4CD /* PanadapterSubView.swift */; };
		9F1D15E02BB8944F0062A4CD /* ProfileSubView.swift in Sources */ = {isa = PBXBuildFile; fileRef = 9F1D15C42BB8944F0062A4CD /* ProfileSubView.swift */; };
		9F1D15E12BB8944F0062A4CD /* RadioSubView.swift in Sources */ = {isa = PBXBuildFile; fileRef = 9F1D15C52BB8944F0062A4CD /* RadioSubView.swift */; };
		9F1D15E22BB8944F0062A4CD /* StreamSubView.swift in Sources */ = {isa = PBXBuildFile; fileRef = 9F1D15C62BB8944F0062A4CD /* StreamSubView.swift */; };
		9F1D15E32BB8944F0062A4CD /* TesterSubView.swift in Sources */ = {isa = PBXBuildFile; fileRef = 9F1D15C72BB8944F0062A4CD /* TesterSubView.swift */; };
		9F1D15E42BB8944F0062A4CD /* TnfSubView.swift in Sources */ = {isa = PBXBuildFile; fileRef = 9F1D15C82BB8944F0062A4CD /* TnfSubView.swift */; };
		9F1D15E52BB8944F0062A4CD /* TransmitSubView.swift in Sources */ = {isa = PBXBuildFile; fileRef = 9F1D15C92BB8944F0062A4CD /* TransmitSubView.swift */; };
		9F1D15E62BB8944F0062A4CD /* UsbCableSubView.swift in Sources */ = {isa = PBXBuildFile; fileRef = 9F1D15CA2BB8944F0062A4CD /* UsbCableSubView.swift */; };
		9F1D15E72BB8944F0062A4CD /* WanSubView.swift in Sources */ = {isa = PBXBuildFile; fileRef = 9F1D15CB2BB8944F0062A4CD /* WanSubView.swift */; };
		9F1D15E82BB8944F0062A4CD /* WaveformSubView.swift in Sources */ = {isa = PBXBuildFile; fileRef = 9F1D15CC2BB8944F0062A4CD /* WaveformSubView.swift */; };
		9F1D15E92BB8944F0062A4CD /* XvtrSubView.swift in Sources */ = {isa = PBXBuildFile; fileRef = 9F1D15CD2BB8944F0062A4CD /* XvtrSubView.swift */; };
		9F1D15EF2BB8946C0062A4CD /* MessagesView.swift in Sources */ = {isa = PBXBuildFile; fileRef = 9F1D15EA2BB8946C0062A4CD /* MessagesView.swift */; };
		9F1D15F02BB8946C0062A4CD /* ObjectsView.swift in Sources */ = {isa = PBXBuildFile; fileRef = 9F1D15EB2BB8946C0062A4CD /* ObjectsView.swift */; };
		9F1D15F12BB8946C0062A4CD /* SendView.swift in Sources */ = {isa = PBXBuildFile; fileRef = 9F1D15EC2BB8946C0062A4CD /* SendView.swift */; };
		9F1D15F22BB8946C0062A4CD /* TopButtonsView.swift in Sources */ = {isa = PBXBuildFile; fileRef = 9F1D15ED2BB8946C0062A4CD /* TopButtonsView.swift */; };
		9FDCEEA32B5ED1720055FF11 /* README.md in Resources */ = {isa = PBXBuildFile; fileRef = 9FDCEE972B5ED1720055FF11 /* README.md */; };
		9FDCEEAD2B5ED1CE0055FF11 /* ClientFeature in Frameworks */ = {isa = PBXBuildFile; productRef = 9FDCEEAC2B5ED1CE0055FF11 /* ClientFeature */; };
		9FDCEEAF2B5ED1CE0055FF11 /* DirectFeature in Frameworks */ = {isa = PBXBuildFile; productRef = 9FDCEEAE2B5ED1CE0055FF11 /* DirectFeature */; };
		9FDCEEB12B5ED1CE0055FF11 /* FlexApiFeature in Frameworks */ = {isa = PBXBuildFile; productRef = 9FDCEEB02B5ED1CE0055FF11 /* FlexApiFeature */; };
		9FDCEEB32B5ED1CE0055FF11 /* ListenerFeature in Frameworks */ = {isa = PBXBuildFile; productRef = 9FDCEEB22B5ED1CE0055FF11 /* ListenerFeature */; };
		9FDCEEB52B5ED1CE0055FF11 /* LoginFeature in Frameworks */ = {isa = PBXBuildFile; productRef = 9FDCEEB42B5ED1CE0055FF11 /* LoginFeature */; };
		9FDCEEBB2B5ED1CE0055FF11 /* PickerFeature in Frameworks */ = {isa = PBXBuildFile; productRef = 9FDCEEBA2B5ED1CE0055FF11 /* PickerFeature */; };
		9FDCEEBD2B5ED1CE0055FF11 /* RingBufferFeature in Frameworks */ = {isa = PBXBuildFile; productRef = 9FDCEEBC2B5ED1CE0055FF11 /* RingBufferFeature */; };
		9FDCEEBF2B5ED1CE0055FF11 /* RxAudioFeature in Frameworks */ = {isa = PBXBuildFile; productRef = 9FDCEEBE2B5ED1CE0055FF11 /* RxAudioFeature */; };
		9FDCEEC32B5ED1CE0055FF11 /* SharedFeature in Frameworks */ = {isa = PBXBuildFile; productRef = 9FDCEEC22B5ED1CE0055FF11 /* SharedFeature */; };
		9FDCEEC52B5ED1CE0055FF11 /* TcpFeature in Frameworks */ = {isa = PBXBuildFile; productRef = 9FDCEEC42B5ED1CE0055FF11 /* TcpFeature */; };
		9FDCEEC72B5ED1CE0055FF11 /* UdpFeature in Frameworks */ = {isa = PBXBuildFile; productRef = 9FDCEEC62B5ED1CE0055FF11 /* UdpFeature */; };
		9FDCEEC92B5ED1CE0055FF11 /* VitaFeature in Frameworks */ = {isa = PBXBuildFile; productRef = 9FDCEEC82B5ED1CE0055FF11 /* VitaFeature */; };
		9FDCEECB2B5ED1CE0055FF11 /* XCGLogFeature in Frameworks */ = {isa = PBXBuildFile; productRef = 9FDCEECA2B5ED1CE0055FF11 /* XCGLogFeature */; };
/* End PBXBuildFile section */

/* Begin PBXFileReference section */
		9F1D15AB2BB894340062A4CD /* SDRApiApp.swift */ = {isa = PBXFileReference; fileEncoding = 4; lastKnownFileType = sourcecode.swift; path = SDRApiApp.swift; sourceTree = "<group>"; };
		9F1D15AC2BB894340062A4CD /* SDRApi.entitlements */ = {isa = PBXFileReference; fileEncoding = 4; lastKnownFileType = text.plist.entitlements; path = SDRApi.entitlements; sourceTree = "<group>"; };
		9F1D15AD2BB894340062A4CD /* SDRApiCore.swift */ = {isa = PBXFileReference; fileEncoding = 4; lastKnownFileType = sourcecode.swift; path = SDRApiCore.swift; sourceTree = "<group>"; };
		9F1D15AE2BB894340062A4CD /* SDRApiView.swift */ = {isa = PBXFileReference; fileEncoding = 4; lastKnownFileType = sourcecode.swift; path = SDRApiView.swift; sourceTree = "<group>"; };
		9F1D15B22BB8944F0062A4CD /* MessagesModel.swift */ = {isa = PBXFileReference; fileEncoding = 4; lastKnownFileType = sourcecode.swift; path = MessagesModel.swift; sourceTree = "<group>"; };
		9F1D15B62BB8944F0062A4CD /* AmplifierSubView.swift */ = {isa = PBXFileReference; fileEncoding = 4; lastKnownFileType = sourcecode.swift; path = AmplifierSubView.swift; sourceTree = "<group>"; };
		9F1D15B72BB8944F0062A4CD /* AtuSubView.swift */ = {isa = PBXFileReference; fileEncoding = 4; lastKnownFileType = sourcecode.swift; path = AtuSubView.swift; sourceTree = "<group>"; };
		9F1D15B82BB8944F0062A4CD /* BandSettingSubView.swift */ = {isa = PBXFileReference; fileEncoding = 4; lastKnownFileType = sourcecode.swift; path = BandSettingSubView.swift; sourceTree = "<group>"; };
		9F1D15B92BB8944F0062A4CD /* CwxSubView.swift */ = {isa = PBXFileReference; fileEncoding = 4; lastKnownFileType = sourcecode.swift; path = CwxSubView.swift; sourceTree = "<group>"; };
		9F1D15BA2BB8944F0062A4CD /* EqualizerSubView.swift */ = {isa = PBXFileReference; fileEncoding = 4; lastKnownFileType = sourcecode.swift; path = EqualizerSubView.swift; sourceTree = "<group>"; };
		9F1D15BB2BB8944F0062A4CD /* GpsSubView.swift */ = {isa = PBXFileReference; fileEncoding = 4; lastKnownFileType = sourcecode.swift; path = GpsSubView.swift; sourceTree = "<group>"; };
		9F1D15BC2BB8944F0062A4CD /* GuiClientSubView.swift */ = {isa = PBXFileReference; fileEncoding = 4; lastKnownFileType = sourcecode.swift; path = GuiClientSubView.swift; sourceTree = "<group>"; };
		9F1D15BD2BB8944F0062A4CD /* InterlockSubView.swift */ = {isa = PBXFileReference; fileEncoding = 4; lastKnownFileType = sourcecode.swift; path = InterlockSubView.swift; sourceTree = "<group>"; };
		9F1D15BE2BB8944F0062A4CD /* MemorySubView.swift */ = {isa = PBXFileReference; fileEncoding = 4; lastKnownFileType = sourcecode.swift; path = MemorySubView.swift; sourceTree = "<group>"; };
		9F1D15BF2BB8944F0062A4CD /* MeterStreamSubView.swift */ = {isa = PBXFileReference; fileEncoding = 4; lastKnownFileType = sourcecode.swift; path = MeterStreamSubView.swift; sourceTree = "<group>"; };
		9F1D15C02BB8944F0062A4CD /* MeterSubView.swift */ = {isa = PBXFileReference; fileEncoding = 4; lastKnownFileType = sourcecode.swift; path = MeterSubView.swift; sourceTree = "<group>"; };
		9F1D15C12BB8944F0062A4CD /* MiscSubView.swift */ = {isa = PBXFileReference; fileEncoding = 4; lastKnownFileType = sourcecode.swift; path = MiscSubView.swift; sourceTree = "<group>"; };
		9F1D15C22BB8944F0062A4CD /* NetworkSubView.swift */ = {isa = PBXFileReference; fileEncoding = 4; lastKnownFileType = sourcecode.swift; path = NetworkSubView.swift; sourceTree = "<group>"; };
		9F1D15C32BB8944F0062A4CD /* PanadapterSubView.swift */ = {isa = PBXFileReference; fileEncoding = 4; lastKnownFileType = sourcecode.swift; path = PanadapterSubView.swift; sourceTree = "<group>"; };
		9F1D15C42BB8944F0062A4CD /* ProfileSubView.swift */ = {isa = PBXFileReference; fileEncoding = 4; lastKnownFileType = sourcecode.swift; path = ProfileSubView.swift; sourceTree = "<group>"; };
		9F1D15C52BB8944F0062A4CD /* RadioSubView.swift */ = {isa = PBXFileReference; fileEncoding = 4; lastKnownFileType = sourcecode.swift; path = RadioSubView.swift; sourceTree = "<group>"; };
		9F1D15C62BB8944F0062A4CD /* StreamSubView.swift */ = {isa = PBXFileReference; fileEncoding = 4; lastKnownFileType = sourcecode.swift; path = StreamSubView.swift; sourceTree = "<group>"; };
		9F1D15C72BB8944F0062A4CD /* TesterSubView.swift */ = {isa = PBXFileReference; fileEncoding = 4; lastKnownFileType = sourcecode.swift; path = TesterSubView.swift; sourceTree = "<group>"; };
		9F1D15C82BB8944F0062A4CD /* TnfSubView.swift */ = {isa = PBXFileReference; fileEncoding = 4; lastKnownFileType = sourcecode.swift; path = TnfSubView.swift; sourceTree = "<group>"; };
		9F1D15C92BB8944F0062A4CD /* TransmitSubView.swift */ = {isa = PBXFileReference; fileEncoding = 4; lastKnownFileType = sourcecode.swift; path = TransmitSubView.swift; sourceTree = "<group>"; };
		9F1D15CA2BB8944F0062A4CD /* UsbCableSubView.swift */ = {isa = PBXFileReference; fileEncoding = 4; lastKnownFileType = sourcecode.swift; path = UsbCableSubView.swift; sourceTree = "<group>"; };
		9F1D15CB2BB8944F0062A4CD /* WanSubView.swift */ = {isa = PBXFileReference; fileEncoding = 4; lastKnownFileType = sourcecode.swift; path = WanSubView.swift; sourceTree = "<group>"; };
		9F1D15CC2BB8944F0062A4CD /* WaveformSubView.swift */ = {isa = PBXFileReference; fileEncoding = 4; lastKnownFileType = sourcecode.swift; path = WaveformSubView.swift; sourceTree = "<group>"; };
		9F1D15CD2BB8944F0062A4CD /* XvtrSubView.swift */ = {isa = PBXFileReference; fileEncoding = 4; lastKnownFileType = sourcecode.swift; path = XvtrSubView.swift; sourceTree = "<group>"; };
		9F1D15EA2BB8946C0062A4CD /* MessagesView.swift */ = {isa = PBXFileReference; fileEncoding = 4; lastKnownFileType = sourcecode.swift; path = MessagesView.swift; sourceTree = "<group>"; };
		9F1D15EB2BB8946C0062A4CD /* ObjectsView.swift */ = {isa = PBXFileReference; fileEncoding = 4; lastKnownFileType = sourcecode.swift; path = ObjectsView.swift; sourceTree = "<group>"; };
		9F1D15EC2BB8946C0062A4CD /* SendView.swift */ = {isa = PBXFileReference; fileEncoding = 4; lastKnownFileType = sourcecode.swift; path = SendView.swift; sourceTree = "<group>"; };
		9F1D15ED2BB8946C0062A4CD /* TopButtonsView.swift */ = {isa = PBXFileReference; fileEncoding = 4; lastKnownFileType = sourcecode.swift; path = TopButtonsView.swift; sourceTree = "<group>"; };
		9FDCEE852B5ED1300055FF11 /* SDRApi.app */ = {isa = PBXFileReference; explicitFileType = wrapper.application; includeInIndex = 0; path = SDRApi.app; sourceTree = BUILT_PRODUCTS_DIR; };
		9FDCEE912B5ED1310055FF11 /* SDRApiViewer.entitlements */ = {isa = PBXFileReference; lastKnownFileType = text.plist.entitlements; path = SDRApiViewer.entitlements; sourceTree = "<group>"; };
		9FDCEE972B5ED1720055FF11 /* README.md */ = {isa = PBXFileReference; fileEncoding = 4; lastKnownFileType = net.daringfireball.markdown; path = README.md; sourceTree = "<group>"; };
/* End PBXFileReference section */

/* Begin PBXFrameworksBuildPhase section */
		9FDCEE822B5ED1300055FF11 /* Frameworks */ = {
			isa = PBXFrameworksBuildPhase;
			buildActionMask = 2147483647;
			files = (
				9FDCEEB12B5ED1CE0055FF11 /* FlexApiFeature in Frameworks */,
				9FDCEEC92B5ED1CE0055FF11 /* VitaFeature in Frameworks */,
				9FDCEEB32B5ED1CE0055FF11 /* ListenerFeature in Frameworks */,
				9FDCEEB52B5ED1CE0055FF11 /* LoginFeature in Frameworks */,
				9FDCEEC32B5ED1CE0055FF11 /* SharedFeature in Frameworks */,
				9FDCEEC52B5ED1CE0055FF11 /* TcpFeature in Frameworks */,
				9FDCEEAF2B5ED1CE0055FF11 /* DirectFeature in Frameworks */,
				9FDCEEAD2B5ED1CE0055FF11 /* ClientFeature in Frameworks */,
				9FDCEEC72B5ED1CE0055FF11 /* UdpFeature in Frameworks */,
				9FDCEEBD2B5ED1CE0055FF11 /* RingBufferFeature in Frameworks */,
				9FDCEECB2B5ED1CE0055FF11 /* XCGLogFeature in Frameworks */,
				9FDCEEBF2B5ED1CE0055FF11 /* RxAudioFeature in Frameworks */,
				9FDCEEBB2B5ED1CE0055FF11 /* PickerFeature in Frameworks */,
			);
			runOnlyForDeploymentPostprocessing = 0;
		};
/* End PBXFrameworksBuildPhase section */

/* Begin PBXGroup section */
		9F1D15B52BB8944F0062A4CD /* Preview Content */ = {
			isa = PBXGroup;
			children = (
			);
			path = "Preview Content";
			sourceTree = "<group>";
		};
		9F1D15CE2BB8944F0062A4CD /* ObjectsSubViews */ = {
			isa = PBXGroup;
			children = (
				9F1D15B62BB8944F0062A4CD /* AmplifierSubView.swift */,
				9F1D15B72BB8944F0062A4CD /* AtuSubView.swift */,
				9F1D15B82BB8944F0062A4CD /* BandSettingSubView.swift */,
				9F1D15B92BB8944F0062A4CD /* CwxSubView.swift */,
				9F1D15BA2BB8944F0062A4CD /* EqualizerSubView.swift */,
				9F1D15BB2BB8944F0062A4CD /* GpsSubView.swift */,
				9F1D15BC2BB8944F0062A4CD /* GuiClientSubView.swift */,
				9F1D15BD2BB8944F0062A4CD /* InterlockSubView.swift */,
				9F1D15BE2BB8944F0062A4CD /* MemorySubView.swift */,
				9F1D15BF2BB8944F0062A4CD /* MeterStreamSubView.swift */,
				9F1D15C02BB8944F0062A4CD /* MeterSubView.swift */,
				9F1D15C12BB8944F0062A4CD /* MiscSubView.swift */,
				9F1D15C22BB8944F0062A4CD /* NetworkSubView.swift */,
				9F1D15C32BB8944F0062A4CD /* PanadapterSubView.swift */,
				9F1D15C42BB8944F0062A4CD /* ProfileSubView.swift */,
				9F1D15C52BB8944F0062A4CD /* RadioSubView.swift */,
				9F1D15C62BB8944F0062A4CD /* StreamSubView.swift */,
				9F1D15C72BB8944F0062A4CD /* TesterSubView.swift */,
				9F1D15C82BB8944F0062A4CD /* TnfSubView.swift */,
				9F1D15C92BB8944F0062A4CD /* TransmitSubView.swift */,
				9F1D15CA2BB8944F0062A4CD /* UsbCableSubView.swift */,
				9F1D15CB2BB8944F0062A4CD /* WanSubView.swift */,
				9F1D15CC2BB8944F0062A4CD /* WaveformSubView.swift */,
				9F1D15CD2BB8944F0062A4CD /* XvtrSubView.swift */,
			);
			path = ObjectsSubViews;
			sourceTree = "<group>";
		};
		9F1D15EE2BB8946C0062A4CD /* SubViews */ = {
			isa = PBXGroup;
			children = (
				9F1D15EA2BB8946C0062A4CD /* MessagesView.swift */,
				9F1D15EB2BB8946C0062A4CD /* ObjectsView.swift */,
				9F1D15EC2BB8946C0062A4CD /* SendView.swift */,
				9F1D15ED2BB8946C0062A4CD /* TopButtonsView.swift */,
			);
			path = SubViews;
			sourceTree = "<group>";
		};
		9FDCEE7C2B5ED1300055FF11 = {
			isa = PBXGroup;
			children = (
				9FDCEE972B5ED1720055FF11 /* README.md */,
				9FDCEE872B5ED1300055FF11 /* SDRApi */,
				9FDCEE862B5ED1300055FF11 /* Products */,
			);
			sourceTree = "<group>";
		};
		9FDCEE862B5ED1300055FF11 /* Products */ = {
			isa = PBXGroup;
			children = (
				9FDCEE852B5ED1300055FF11 /* SDRApi.app */,
			);
			name = Products;
			sourceTree = "<group>";
		};
		9FDCEE872B5ED1300055FF11 /* SDRApi */ = {
			isa = PBXGroup;
			children = (
				9F1D15EE2BB8946C0062A4CD /* SubViews */,
				9F1D15B22BB8944F0062A4CD /* MessagesModel.swift */,
				9F1D15CE2BB8944F0062A4CD /* ObjectsSubViews */,
				9F1D15B52BB8944F0062A4CD /* Preview Content */,
				9F1D15AC2BB894340062A4CD /* SDRApi.entitlements */,
				9F1D15AB2BB894340062A4CD /* SDRApiApp.swift */,
				9F1D15AD2BB894340062A4CD /* SDRApiCore.swift */,
				9F1D15AE2BB894340062A4CD /* SDRApiView.swift */,
				9FDCEE912B5ED1310055FF11 /* SDRApiViewer.entitlements */,
			);
			path = SDRApi;
			sourceTree = "<group>";
		};
/* End PBXGroup section */

/* Begin PBXNativeTarget section */
		9FDCEE842B5ED1300055FF11 /* SDRApi */ = {
			isa = PBXNativeTarget;
			buildConfigurationList = 9FDCEE942B5ED1310055FF11 /* Build configuration list for PBXNativeTarget "SDRApi" */;
			buildPhases = (
				9FDCEE812B5ED1300055FF11 /* Sources */,
				9FDCEE822B5ED1300055FF11 /* Frameworks */,
				9FDCEE832B5ED1300055FF11 /* Resources */,
			);
			buildRules = (
			);
			dependencies = (
			);
			name = SDRApi;
			packageProductDependencies = (
				9FDCEEAC2B5ED1CE0055FF11 /* ClientFeature */,
				9FDCEEAE2B5ED1CE0055FF11 /* DirectFeature */,
				9FDCEEB02B5ED1CE0055FF11 /* FlexApiFeature */,
				9FDCEEB22B5ED1CE0055FF11 /* ListenerFeature */,
				9FDCEEB42B5ED1CE0055FF11 /* LoginFeature */,
				9FDCEEBA2B5ED1CE0055FF11 /* PickerFeature */,
				9FDCEEBC2B5ED1CE0055FF11 /* RingBufferFeature */,
				9FDCEEBE2B5ED1CE0055FF11 /* RxAudioFeature */,
				9FDCEEC22B5ED1CE0055FF11 /* SharedFeature */,
				9FDCEEC42B5ED1CE0055FF11 /* TcpFeature */,
				9FDCEEC62B5ED1CE0055FF11 /* UdpFeature */,
				9FDCEEC82B5ED1CE0055FF11 /* VitaFeature */,
				9FDCEECA2B5ED1CE0055FF11 /* XCGLogFeature */,
			);
			productName = SDRTestViewer;
			productReference = 9FDCEE852B5ED1300055FF11 /* SDRApi.app */;
			productType = "com.apple.product-type.application";
		};
/* End PBXNativeTarget section */

/* Begin PBXProject section */
		9FDCEE7D2B5ED1300055FF11 /* Project object */ = {
			isa = PBXProject;
			attributes = {
				BuildIndependentTargetsInParallel = 1;
				LastSwiftUpdateCheck = 1520;
				LastUpgradeCheck = 1520;
				TargetAttributes = {
					9FDCEE842B5ED1300055FF11 = {
						CreatedOnToolsVersion = 15.2;
						LastSwiftMigration = 1530;
					};
				};
			};
			buildConfigurationList = 9FDCEE802B5ED1300055FF11 /* Build configuration list for PBXProject "SDRApi" */;
			compatibilityVersion = "Xcode 14.0";
			developmentRegion = en;
			hasScannedForEncodings = 0;
			knownRegions = (
				en,
				Base,
			);
			mainGroup = 9FDCEE7C2B5ED1300055FF11;
			packageReferences = (
				9FDCEEAB2B5ED1CE0055FF11 /* XCRemoteSwiftPackageReference "SDRApiFeatures" */,
				9F84483E2BB399B70000C95D /* XCRemoteSwiftPackageReference "swift-async-algorithms" */,
			);
			productRefGroup = 9FDCEE862B5ED1300055FF11 /* Products */;
			projectDirPath = "";
			projectRoot = "";
			targets = (
				9FDCEE842B5ED1300055FF11 /* SDRApi */,
			);
		};
/* End PBXProject section */

/* Begin PBXResourcesBuildPhase section */
		9FDCEE832B5ED1300055FF11 /* Resources */ = {
			isa = PBXResourcesBuildPhase;
			buildActionMask = 2147483647;
			files = (
				9FDCEEA32B5ED1720055FF11 /* README.md in Resources */,
			);
			runOnlyForDeploymentPostprocessing = 0;
		};
/* End PBXResourcesBuildPhase section */

/* Begin PBXSourcesBuildPhase section */
		9FDCEE812B5ED1300055FF11 /* Sources */ = {
			isa = PBXSourcesBuildPhase;
			buildActionMask = 2147483647;
			files = (
				9F1D15E32BB8944F0062A4CD /* TesterSubView.swift in Sources */,
				9F1D15DE2BB8944F0062A4CD /* NetworkSubView.swift in Sources */,
				9F1D15D32BB8944F0062A4CD /* AtuSubView.swift in Sources */,
				9F1D15DB2BB8944F0062A4CD /* MeterStreamSubView.swift in Sources */,
				9F1D15D82BB8944F0062A4CD /* GuiClientSubView.swift in Sources */,
				9F1D15F02BB8946C0062A4CD /* ObjectsView.swift in Sources */,
				9F1D15E92BB8944F0062A4CD /* XvtrSubView.swift in Sources */,
				9F1D15E82BB8944F0062A4CD /* WaveformSubView.swift in Sources */,
				9F1D15F12BB8946C0062A4CD /* SendView.swift in Sources */,
				9F1D15AF2BB894340062A4CD /* SDRApiApp.swift in Sources */,
				9F1D15E22BB8944F0062A4CD /* StreamSubView.swift in Sources */,
				9F1D15EF2BB8946C0062A4CD /* MessagesView.swift in Sources */,
				9F1D15F22BB8946C0062A4CD /* TopButtonsView.swift in Sources */,
				9F1D15DF2BB8944F0062A4CD /* PanadapterSubView.swift in Sources */,
				9F1D15D52BB8944F0062A4CD /* CwxSubView.swift in Sources */,
				9F1D15B02BB894340062A4CD /* SDRApiCore.swift in Sources */,
				9F1D15D92BB8944F0062A4CD /* InterlockSubView.swift in Sources */,
				9F1D15D42BB8944F0062A4CD /* BandSettingSubView.swift in Sources */,
				9F1D15D22BB8944F0062A4CD /* AmplifierSubView.swift in Sources */,
				9F1D15D62BB8944F0062A4CD /* EqualizerSubView.swift in Sources */,
				9F1D15B12BB894340062A4CD /* SDRApiView.swift in Sources */,
				9F1D15E52BB8944F0062A4CD /* TransmitSubView.swift in Sources */,
				9F1D15E12BB8944F0062A4CD /* RadioSubView.swift in Sources */,
				9F1D15E02BB8944F0062A4CD /* ProfileSubView.swift in Sources */,
				9F1D15DC2BB8944F0062A4CD /* MeterSubView.swift in Sources */,
				9F1D15D72BB8944F0062A4CD /* GpsSubView.swift in Sources */,
				9F1D15E72BB8944F0062A4CD /* WanSubView.swift in Sources */,
				9F1D15E42BB8944F0062A4CD /* TnfSubView.swift in Sources */,
				9F1D15DD2BB8944F0062A4CD /* MiscSubView.swift in Sources */,
				9F1D15E62BB8944F0062A4CD /* UsbCableSubView.swift in Sources */,
				9F1D15CF2BB8944F0062A4CD /* MessagesModel.swift in Sources */,
				9F1D15DA2BB8944F0062A4CD /* MemorySubView.swift in Sources */,
			);
			runOnlyForDeploymentPostprocessing = 0;
		};
/* End PBXSourcesBuildPhase section */

/* Begin XCBuildConfiguration section */
		9FDCEE922B5ED1310055FF11 /* Debug */ = {
			isa = XCBuildConfiguration;
			buildSettings = {
				ALWAYS_SEARCH_USER_PATHS = NO;
				ASSETCATALOG_COMPILER_GENERATE_SWIFT_ASSET_SYMBOL_EXTENSIONS = YES;
				CLANG_ANALYZER_NONNULL = YES;
				CLANG_ANALYZER_NUMBER_OBJECT_CONVERSION = YES_AGGRESSIVE;
				CLANG_CXX_LANGUAGE_STANDARD = "gnu++20";
				CLANG_ENABLE_MODULES = YES;
				CLANG_ENABLE_OBJC_ARC = YES;
				CLANG_ENABLE_OBJC_WEAK = YES;
				CLANG_WARN_BLOCK_CAPTURE_AUTORELEASING = YES;
				CLANG_WARN_BOOL_CONVERSION = YES;
				CLANG_WARN_COMMA = YES;
				CLANG_WARN_CONSTANT_CONVERSION = YES;
				CLANG_WARN_DEPRECATED_OBJC_IMPLEMENTATIONS = YES;
				CLANG_WARN_DIRECT_OBJC_ISA_USAGE = YES_ERROR;
				CLANG_WARN_DOCUMENTATION_COMMENTS = YES;
				CLANG_WARN_EMPTY_BODY = YES;
				CLANG_WARN_ENUM_CONVERSION = YES;
				CLANG_WARN_INFINITE_RECURSION = YES;
				CLANG_WARN_INT_CONVERSION = YES;
				CLANG_WARN_NON_LITERAL_NULL_CONVERSION = YES;
				CLANG_WARN_OBJC_IMPLICIT_RETAIN_SELF = YES;
				CLANG_WARN_OBJC_LITERAL_CONVERSION = YES;
				CLANG_WARN_OBJC_ROOT_CLASS = YES_ERROR;
				CLANG_WARN_QUOTED_INCLUDE_IN_FRAMEWORK_HEADER = YES;
				CLANG_WARN_RANGE_LOOP_ANALYSIS = YES;
				CLANG_WARN_STRICT_PROTOTYPES = YES;
				CLANG_WARN_SUSPICIOUS_MOVE = YES;
				CLANG_WARN_UNGUARDED_AVAILABILITY = YES_AGGRESSIVE;
				CLANG_WARN_UNREACHABLE_CODE = YES;
				CLANG_WARN__DUPLICATE_METHOD_MATCH = YES;
				COPY_PHASE_STRIP = NO;
				DEAD_CODE_STRIPPING = YES;
				DEBUG_INFORMATION_FORMAT = dwarf;
				ENABLE_STRICT_OBJC_MSGSEND = YES;
				ENABLE_TESTABILITY = YES;
				ENABLE_USER_SCRIPT_SANDBOXING = YES;
				GCC_C_LANGUAGE_STANDARD = gnu17;
				GCC_DYNAMIC_NO_PIC = NO;
				GCC_NO_COMMON_BLOCKS = YES;
				GCC_OPTIMIZATION_LEVEL = 0;
				GCC_PREPROCESSOR_DEFINITIONS = (
					"DEBUG=1",
					"$(inherited)",
				);
				GCC_WARN_64_TO_32_BIT_CONVERSION = YES;
				GCC_WARN_ABOUT_RETURN_TYPE = YES_ERROR;
				GCC_WARN_UNDECLARED_SELECTOR = YES;
				GCC_WARN_UNINITIALIZED_AUTOS = YES_AGGRESSIVE;
				GCC_WARN_UNUSED_FUNCTION = YES;
				GCC_WARN_UNUSED_VARIABLE = YES;
				LOCALIZATION_PREFERS_STRING_CATALOGS = YES;
				MACOSX_DEPLOYMENT_TARGET = 14.2;
				MTL_ENABLE_DEBUG_INFO = INCLUDE_SOURCE;
				MTL_FAST_MATH = YES;
				ONLY_ACTIVE_ARCH = YES;
				SDKROOT = macosx;
				SWIFT_ACTIVE_COMPILATION_CONDITIONS = "DEBUG $(inherited)";
				SWIFT_OPTIMIZATION_LEVEL = "-Onone";
			};
			name = Debug;
		};
		9FDCEE932B5ED1310055FF11 /* Release */ = {
			isa = XCBuildConfiguration;
			buildSettings = {
				ALWAYS_SEARCH_USER_PATHS = NO;
				ASSETCATALOG_COMPILER_GENERATE_SWIFT_ASSET_SYMBOL_EXTENSIONS = YES;
				CLANG_ANALYZER_NONNULL = YES;
				CLANG_ANALYZER_NUMBER_OBJECT_CONVERSION = YES_AGGRESSIVE;
				CLANG_CXX_LANGUAGE_STANDARD = "gnu++20";
				CLANG_ENABLE_MODULES = YES;
				CLANG_ENABLE_OBJC_ARC = YES;
				CLANG_ENABLE_OBJC_WEAK = YES;
				CLANG_WARN_BLOCK_CAPTURE_AUTORELEASING = YES;
				CLANG_WARN_BOOL_CONVERSION = YES;
				CLANG_WARN_COMMA = YES;
				CLANG_WARN_CONSTANT_CONVERSION = YES;
				CLANG_WARN_DEPRECATED_OBJC_IMPLEMENTATIONS = YES;
				CLANG_WARN_DIRECT_OBJC_ISA_USAGE = YES_ERROR;
				CLANG_WARN_DOCUMENTATION_COMMENTS = YES;
				CLANG_WARN_EMPTY_BODY = YES;
				CLANG_WARN_ENUM_CONVERSION = YES;
				CLANG_WARN_INFINITE_RECURSION = YES;
				CLANG_WARN_INT_CONVERSION = YES;
				CLANG_WARN_NON_LITERAL_NULL_CONVERSION = YES;
				CLANG_WARN_OBJC_IMPLICIT_RETAIN_SELF = YES;
				CLANG_WARN_OBJC_LITERAL_CONVERSION = YES;
				CLANG_WARN_OBJC_ROOT_CLASS = YES_ERROR;
				CLANG_WARN_QUOTED_INCLUDE_IN_FRAMEWORK_HEADER = YES;
				CLANG_WARN_RANGE_LOOP_ANALYSIS = YES;
				CLANG_WARN_STRICT_PROTOTYPES = YES;
				CLANG_WARN_SUSPICIOUS_MOVE = YES;
				CLANG_WARN_UNGUARDED_AVAILABILITY = YES_AGGRESSIVE;
				CLANG_WARN_UNREACHABLE_CODE = YES;
				CLANG_WARN__DUPLICATE_METHOD_MATCH = YES;
				COPY_PHASE_STRIP = NO;
				DEAD_CODE_STRIPPING = YES;
				DEBUG_INFORMATION_FORMAT = "dwarf-with-dsym";
				ENABLE_NS_ASSERTIONS = NO;
				ENABLE_STRICT_OBJC_MSGSEND = YES;
				ENABLE_USER_SCRIPT_SANDBOXING = YES;
				GCC_C_LANGUAGE_STANDARD = gnu17;
				GCC_NO_COMMON_BLOCKS = YES;
				GCC_WARN_64_TO_32_BIT_CONVERSION = YES;
				GCC_WARN_ABOUT_RETURN_TYPE = YES_ERROR;
				GCC_WARN_UNDECLARED_SELECTOR = YES;
				GCC_WARN_UNINITIALIZED_AUTOS = YES_AGGRESSIVE;
				GCC_WARN_UNUSED_FUNCTION = YES;
				GCC_WARN_UNUSED_VARIABLE = YES;
				LOCALIZATION_PREFERS_STRING_CATALOGS = YES;
				MACOSX_DEPLOYMENT_TARGET = 14.2;
				MTL_ENABLE_DEBUG_INFO = NO;
				MTL_FAST_MATH = YES;
				SDKROOT = macosx;
				SWIFT_COMPILATION_MODE = wholemodule;
			};
			name = Release;
		};
		9FDCEE952B5ED1310055FF11 /* Debug */ = {
			isa = XCBuildConfiguration;
			buildSettings = {
				ASSETCATALOG_COMPILER_APPICON_NAME = AppIcon;
				ASSETCATALOG_COMPILER_GLOBAL_ACCENT_COLOR_NAME = AccentColor;
				CLANG_ENABLE_MODULES = YES;
				CODE_SIGN_ENTITLEMENTS = SDRApi/SDRApi.entitlements;
				CODE_SIGN_STYLE = Automatic;
				COMBINE_HIDPI_IMAGES = YES;
				CURRENT_PROJECT_VERSION = 1;
				DEAD_CODE_STRIPPING = YES;
				DEVELOPMENT_ASSET_PATHS = "\"SDRApi/Preview Content\"";
				DEVELOPMENT_TEAM = EE5B8TYXGA;
				ENABLE_HARDENED_RUNTIME = YES;
				ENABLE_PREVIEWS = YES;
				GENERATE_INFOPLIST_FILE = YES;
				INFOPLIST_KEY_NSHumanReadableCopyright = "";
				LD_RUNPATH_SEARCH_PATHS = (
					"$(inherited)",
					"@executable_path/../Frameworks",
				);
				MARKETING_VERSION = 1.4;
				PRODUCT_BUNDLE_IDENTIFIER = net.k3tzr.SDRApi;
				PRODUCT_NAME = "$(TARGET_NAME)";
				SWIFT_EMIT_LOC_STRINGS = YES;
				SWIFT_OPTIMIZATION_LEVEL = "-Onone";
				SWIFT_VERSION = 5.0;
			};
			name = Debug;
		};
		9FDCEE962B5ED1310055FF11 /* Release */ = {
			isa = XCBuildConfiguration;
			buildSettings = {
				ASSETCATALOG_COMPILER_APPICON_NAME = AppIcon;
				ASSETCATALOG_COMPILER_GLOBAL_ACCENT_COLOR_NAME = AccentColor;
				CLANG_ENABLE_MODULES = YES;
				CODE_SIGN_ENTITLEMENTS = SDRApi/SDRApi.entitlements;
				CODE_SIGN_STYLE = Automatic;
				COMBINE_HIDPI_IMAGES = YES;
				CURRENT_PROJECT_VERSION = 1;
				DEAD_CODE_STRIPPING = YES;
				DEVELOPMENT_ASSET_PATHS = "\"SDRApi/Preview Content\"";
				DEVELOPMENT_TEAM = EE5B8TYXGA;
				ENABLE_HARDENED_RUNTIME = YES;
				ENABLE_PREVIEWS = YES;
				GENERATE_INFOPLIST_FILE = YES;
				INFOPLIST_KEY_NSHumanReadableCopyright = "";
				LD_RUNPATH_SEARCH_PATHS = (
					"$(inherited)",
					"@executable_path/../Frameworks",
				);
				MARKETING_VERSION = 1.4;
				PRODUCT_BUNDLE_IDENTIFIER = net.k3tzr.SDRApi;
				PRODUCT_NAME = "$(TARGET_NAME)";
				SWIFT_EMIT_LOC_STRINGS = YES;
				SWIFT_VERSION = 5.0;
			};
			name = Release;
		};
/* End XCBuildConfiguration section */

/* Begin XCConfigurationList section */
		9FDCEE802B5ED1300055FF11 /* Build configuration list for PBXProject "SDRApi" */ = {
			isa = XCConfigurationList;
			buildConfigurations = (
				9FDCEE922B5ED1310055FF11 /* Debug */,
				9FDCEE932B5ED1310055FF11 /* Release */,
			);
			defaultConfigurationIsVisible = 0;
			defaultConfigurationName = Release;
		};
		9FDCEE942B5ED1310055FF11 /* Build configuration list for PBXNativeTarget "SDRApi" */ = {
			isa = XCConfigurationList;
			buildConfigurations = (
				9FDCEE952B5ED1310055FF11 /* Debug */,
				9FDCEE962B5ED1310055FF11 /* Release */,
			);
			defaultConfigurationIsVisible = 0;
			defaultConfigurationName = Release;
		};
/* End XCConfigurationList section */

/* Begin XCRemoteSwiftPackageReference section */
		9F84483E2BB399B70000C95D /* XCRemoteSwiftPackageReference "swift-async-algorithms" */ = {
			isa = XCRemoteSwiftPackageReference;
			repositoryURL = "https://github.com/apple/swift-async-algorithms.git";
			requirement = {
				kind = upToNextMajorVersion;
				minimumVersion = 1.0.0;
			};
		};
		9FDCEEAB2B5ED1CE0055FF11 /* XCRemoteSwiftPackageReference "SDRApiFeatures" */ = {
			isa = XCRemoteSwiftPackageReference;
			repositoryURL = "https://github.com/K3TZR/SDRApiFeatures.git";
			requirement = {
				branch = main;
				kind = branch;
			};
		};
/* End XCRemoteSwiftPackageReference section */

/* Begin XCSwiftPackageProductDependency section */
		9FDCEEAC2B5ED1CE0055FF11 /* ClientFeature */ = {
			isa = XCSwiftPackageProductDependency;
			package = 9FDCEEAB2B5ED1CE0055FF11 /* XCRemoteSwiftPackageReference "SDRApiFeatures" */;
			productName = ClientFeature;
		};
		9FDCEEAE2B5ED1CE0055FF11 /* DirectFeature */ = {
			isa = XCSwiftPackageProductDependency;
			package = 9FDCEEAB2B5ED1CE0055FF11 /* XCRemoteSwiftPackageReference "SDRApiFeatures" */;
			productName = DirectFeature;
		};
		9FDCEEB02B5ED1CE0055FF11 /* FlexApiFeature */ = {
			isa = XCSwiftPackageProductDependency;
			package = 9FDCEEAB2B5ED1CE0055FF11 /* XCRemoteSwiftPackageReference "SDRApiFeatures" */;
			productName = FlexApiFeature;
		};
		9FDCEEB22B5ED1CE0055FF11 /* ListenerFeature */ = {
			isa = XCSwiftPackageProductDependency;
			package = 9FDCEEAB2B5ED1CE0055FF11 /* XCRemoteSwiftPackageReference "SDRApiFeatures" */;
			productName = ListenerFeature;
		};
		9FDCEEB42B5ED1CE0055FF11 /* LoginFeature */ = {
			isa = XCSwiftPackageProductDependency;
			package = 9FDCEEAB2B5ED1CE0055FF11 /* XCRemoteSwiftPackageReference "SDRApiFeatures" */;
			productName = LoginFeature;
		};
		9FDCEEBA2B5ED1CE0055FF11 /* PickerFeature */ = {
			isa = XCSwiftPackageProductDependency;
			package = 9FDCEEAB2B5ED1CE0055FF11 /* XCRemoteSwiftPackageReference "SDRApiFeatures" */;
			productName = PickerFeature;
		};
		9FDCEEBC2B5ED1CE0055FF11 /* RingBufferFeature */ = {
			isa = XCSwiftPackageProductDependency;
			package = 9FDCEEAB2B5ED1CE0055FF11 /* XCRemoteSwiftPackageReference "SDRApiFeatures" */;
			productName = RingBufferFeature;
		};
		9FDCEEBE2B5ED1CE0055FF11 /* RxAudioFeature */ = {
			isa = XCSwiftPackageProductDependency;
			package = 9FDCEEAB2B5ED1CE0055FF11 /* XCRemoteSwiftPackageReference "SDRApiFeatures" */;
			productName = RxAudioFeature;
		};
		9FDCEEC22B5ED1CE0055FF11 /* SharedFeature */ = {
			isa = XCSwiftPackageProductDependency;
			package = 9FDCEEAB2B5ED1CE0055FF11 /* XCRemoteSwiftPackageReference "SDRApiFeatures" */;
			productName = SharedFeature;
		};
		9FDCEEC42B5ED1CE0055FF11 /* TcpFeature */ = {
			isa = XCSwiftPackageProductDependency;
			package = 9FDCEEAB2B5ED1CE0055FF11 /* XCRemoteSwiftPackageReference "SDRApiFeatures" */;
			productName = TcpFeature;
		};
		9FDCEEC62B5ED1CE0055FF11 /* UdpFeature */ = {
			isa = XCSwiftPackageProductDependency;
			package = 9FDCEEAB2B5ED1CE0055FF11 /* XCRemoteSwiftPackageReference "SDRApiFeatures" */;
			productName = UdpFeature;
		};
		9FDCEEC82B5ED1CE0055FF11 /* VitaFeature */ = {
			isa = XCSwiftPackageProductDependency;
			package = 9FDCEEAB2B5ED1CE0055FF11 /* XCRemoteSwiftPackageReference "SDRApiFeatures" */;
			productName = VitaFeature;
		};
		9FDCEECA2B5ED1CE0055FF11 /* XCGLogFeature */ = {
			isa = XCSwiftPackageProductDependency;
			package = 9FDCEEAB2B5ED1CE0055FF11 /* XCRemoteSwiftPackageReference "SDRApiFeatures" */;
			productName = XCGLogFeature;
		};
/* End XCSwiftPackageProductDependency section */
	};
	rootObject = 9FDCEE7D2B5ED1300055FF11 /* Project object */;
}
